
Microsoft Visual Studio Solution File, Format Version 12.00
# Visual Studio Version 16
VisualStudioVersion = 16.0.29306.81
MinimumVisualStudioVersion = 10.0.40219.1
Project("{FAE04EC0-301F-11D3-BF4B-00C04F79EFBC}") = "Store.WebApp", "Store.WebApp.csproj", "{1377E6D5-691E-4147-A0D9-586EE949C8D4}"
	ProjectSection(ProjectDependencies) = postProject
		{C3728D1F-C2C7-4765-B38F-CA0E0BEA7F36} = {C3728D1F-C2C7-4765-B38F-CA0E0BEA7F36}
	EndProjectSection
EndProject
Project("{FAE04EC0-301F-11D3-BF4B-00C04F79EFBC}") = "Store.Domain", "..\Store.Domain\Store.Domain.csproj", "{C3728D1F-C2C7-4765-B38F-CA0E0BEA7F36}"
EndProject
Project("{FAE04EC0-301F-11D3-BF4B-00C04F79EFBC}") = "Store.UnitTest", "..\Store.UnitTest\Store.UnitTest.csproj", "{320BF053-0383-4225-AB95-DB2CBD6380CD}"
EndProject
Project("{FAE04EC0-301F-11D3-BF4B-00C04F79EFBC}") = "Store.DebugConsole", "..\Store.DebugConsole\Store.DebugConsole.csproj", "{D9BF4993-15D6-4B1D-BF8C-BF59775A774D}"
EndProject
Global
	GlobalSection(SolutionConfigurationPlatforms) = preSolution
		Debug|Any CPU = Debug|Any CPU
		Release|Any CPU = Release|Any CPU
	EndGlobalSection
	GlobalSection(ProjectConfigurationPlatforms) = postSolution
		{1377E6D5-691E-4147-A0D9-586EE949C8D4}.Debug|Any CPU.ActiveCfg = Debug|Any CPU
		{1377E6D5-691E-4147-A0D9-586EE949C8D4}.Debug|Any CPU.Build.0 = Debug|Any CPU
		{1377E6D5-691E-4147-A0D9-586EE949C8D4}.Release|Any CPU.ActiveCfg = Release|Any CPU
		{1377E6D5-691E-4147-A0D9-586EE949C8D4}.Release|Any CPU.Build.0 = Release|Any CPU
		{C3728D1F-C2C7-4765-B38F-CA0E0BEA7F36}.Debug|Any CPU.ActiveCfg = Debug|Any CPU
		{C3728D1F-C2C7-4765-B38F-CA0E0BEA7F36}.Debug|Any CPU.Build.0 = Debug|Any CPU
		{C3728D1F-C2C7-4765-B38F-CA0E0BEA7F36}.Release|Any CPU.ActiveCfg = Release|Any CPU
		{C3728D1F-C2C7-4765-B38F-CA0E0BEA7F36}.Release|Any CPU.Build.0 = Release|Any CPU
		{320BF053-0383-4225-AB95-DB2CBD6380CD}.Debug|Any CPU.ActiveCfg = Debug|Any CPU
		{320BF053-0383-4225-AB95-DB2CBD6380CD}.Debug|Any CPU.Build.0 = Debug|Any CPU
		{320BF053-0383-4225-AB95-DB2CBD6380CD}.Release|Any CPU.ActiveCfg = Release|Any CPU
		{320BF053-0383-4225-AB95-DB2CBD6380CD}.Release|Any CPU.Build.0 = Release|Any CPU
		{D9BF4993-15D6-4B1D-BF8C-BF59775A774D}.Debug|Any CPU.ActiveCfg = Debug|Any CPU
		{D9BF4993-15D6-4B1D-BF8C-BF59775A774D}.Debug|Any CPU.Build.0 = Debug|Any CPU
		{D9BF4993-15D6-4B1D-BF8C-BF59775A774D}.Release|Any CPU.ActiveCfg = Release|Any CPU
		{D9BF4993-15D6-4B1D-BF8C-BF59775A774D}.Release|Any CPU.Build.0 = Release|Any CPU
	EndGlobalSection
	GlobalSection(SolutionProperties) = preSolution
		HideSolutionNode = FALSE
	EndGlobalSection
	GlobalSection(ExtensibilityGlobals) = postSolution
		SolutionGuid = {970DA1E3-170A-4D8F-B2CB-6E65541A4CD3}
	EndGlobalSection
EndGlobal
